
Microsoft Visual Studio Solution File, Format Version 12.00
# Visual Studio Version 17
VisualStudioVersion = 17.4.33205.214
MinimumVisualStudioVersion = 10.0.40219.1
Project("{9A19103F-16F7-4668-BE54-9A1E7A4F7556}") = "ProjetoFinalBruno", "ProjetoFinalBruno.csproj", "{45F86A72-98AB-46CA-B6DD-6947030C90D1}"
EndProject
Global
	GlobalSection(SolutionConfigurationPlatforms) = preSolution
		Debug|Any CPU = Debug|Any CPU
		Release|Any CPU = Release|Any CPU
	EndGlobalSection
	GlobalSection(ProjectConfigurationPlatforms) = postSolution
		{45F86A72-98AB-46CA-B6DD-6947030C90D1}.Debug|Any CPU.ActiveCfg = Debug|Any CPU
		{45F86A72-98AB-46CA-B6DD-6947030C90D1}.Debug|Any CPU.Build.0 = Debug|Any CPU
		{45F86A72-98AB-46CA-B6DD-6947030C90D1}.Release|Any CPU.ActiveCfg = Release|Any CPU
		{45F86A72-98AB-46CA-B6DD-6947030C90D1}.Release|Any CPU.Build.0 = Release|Any CPU
	EndGlobalSection
	GlobalSection(SolutionProperties) = preSolution
		HideSolutionNode = FALSE
	EndGlobalSection
	GlobalSection(ExtensibilityGlobals) = postSolution
		SolutionGuid = {854FB99C-9BE9-40F0-813D-F2B577C08395}
	EndGlobalSection
EndGlobal
